
Microsoft Visual Studio Solution File, Format Version 12.00
# Visual Studio Version 17
VisualStudioVersion = 17.4.33213.308
MinimumVisualStudioVersion = 10.0.40219.1
Project("{FAE04EC0-301F-11D3-BF4B-00C04F79EFBC}") = "tozydziHarry", "tozydziHarry\tozydziHarry.csproj", "{79004230-F0F4-4FBC-810C-DB954C93185F}"
EndProject
Global
	GlobalSection(SolutionConfigurationPlatforms) = preSolution
		Debug|Any CPU = Debug|Any CPU
		Release|Any CPU = Release|Any CPU
	EndGlobalSection
	GlobalSection(ProjectConfigurationPlatforms) = postSolution
		{79004230-F0F4-4FBC-810C-DB954C93185F}.Debug|Any CPU.ActiveCfg = Debug|Any CPU
		{79004230-F0F4-4FBC-810C-DB954C93185F}.Debug|Any CPU.Build.0 = Debug|Any CPU
		{79004230-F0F4-4FBC-810C-DB954C93185F}.Release|Any CPU.ActiveCfg = Release|Any CPU
		{79004230-F0F4-4FBC-810C-DB954C93185F}.Release|Any CPU.Build.0 = Release|Any CPU
	EndGlobalSection
	GlobalSection(SolutionProperties) = preSolution
		HideSolutionNode = FALSE
	EndGlobalSection
	GlobalSection(ExtensibilityGlobals) = postSolution
		SolutionGuid = {9DC1F27B-5978-41E0-A1DF-C712575B6EBB}
	EndGlobalSection
EndGlobal
